
Microsoft Visual Studio Solution File, Format Version 12.00
# Visual Studio Version 17
VisualStudioVersion = 17.8.34309.116
MinimumVisualStudioVersion = 10.0.40219.1
Project("{FAE04EC0-301F-11D3-BF4B-00C04F79EFBC}") = "EF_lesson1", "EF_lesson1\EF_lesson1.csproj", "{FC4D2291-873A-42C9-AC12-FA8EAED37D27}"
EndProject
Global
	GlobalSection(SolutionConfigurationPlatforms) = preSolution
		Debug|Any CPU = Debug|Any CPU
		Release|Any CPU = Release|Any CPU
	EndGlobalSection
	GlobalSection(ProjectConfigurationPlatforms) = postSolution
		{FC4D2291-873A-42C9-AC12-FA8EAED37D27}.Debug|Any CPU.ActiveCfg = Debug|Any CPU
		{FC4D2291-873A-42C9-AC12-FA8EAED37D27}.Debug|Any CPU.Build.0 = Debug|Any CPU
		{FC4D2291-873A-42C9-AC12-FA8EAED37D27}.Release|Any CPU.ActiveCfg = Release|Any CPU
		{FC4D2291-873A-42C9-AC12-FA8EAED37D27}.Release|Any CPU.Build.0 = Release|Any CPU
	EndGlobalSection
	GlobalSection(SolutionProperties) = preSolution
		HideSolutionNode = FALSE
	EndGlobalSection
	GlobalSection(ExtensibilityGlobals) = postSolution
		SolutionGuid = {A658B554-B4EB-434B-A55B-7E90ED371B82}
	EndGlobalSection
EndGlobal
